
Microsoft Visual Studio Solution File, Format Version 12.00
# Visual Studio 15
VisualStudioVersion = 15.0.27130.2026
MinimumVisualStudioVersion = 10.0.40219.1
Project("{2150E333-8FDC-42A3-9474-1A3956D46DE8}") = "ch02", "ch02", "{626F43CC-1A5A-4D1E-8A15-78070647D283}"
EndProject
Project("{8BC9CEB8-8B4A-11D0-8D11-00A0C91BC942}") = "exercise02", "ch02\exercise02\exercise02.vcxproj", "{10816769-F2A0-4C27-85F1-B0E93C266FF6}"
EndProject
Project("{8BC9CEB8-8B4A-11D0-8D11-00A0C91BC942}") = "exercise03", "ch02\exercise03\exercise03.vcxproj", "{A34EC4F1-6DDE-40E4-92AD-2FF5E0A3145B}"
EndProject
Project("{2150E333-8FDC-42A3-9474-1A3956D46DE8}") = "ch03", "ch03", "{B98269C6-FDB3-4D38-8321-90AA28D76A99}"
EndProject
Project("{8BC9CEB8-8B4A-11D0-8D11-00A0C91BC942}") = "exercise04_05", "ch03\exercise04_05\exercise04_05.vcxproj", "{CD516357-2E6E-48E5-9C05-40F70EB4E513}"
EndProject
Project("{2150E333-8FDC-42A3-9474-1A3956D46DE8}") = "ch04", "ch04", "{5B72BFDD-883E-4DA3-B22A-78F912ACBC10}"
EndProject
Project("{8BC9CEB8-8B4A-11D0-8D11-00A0C91BC942}") = "exercise01 - char_numeric_values", "ch04\exercise01\exercise01.vcxproj", "{E55CF69B-99BB-4FB1-8F82-6338FF45D17F}"
EndProject
Project("{8BC9CEB8-8B4A-11D0-8D11-00A0C91BC942}") = "exercise02 - integer_char_values", "ch04\exercise02 - integer_char_values\exercise02 - integer_char_values.vcxproj", "{F5A05004-0852-445F-9355-3157AFF01296}"
EndProject
Project("{8BC9CEB8-8B4A-11D0-8D11-00A0C91BC942}") = "exercise04 - float_and_scientific_print", "ch04\exercise04 - float_and_scientific_print\exercise04 - float_and_scientific_print.vcxproj", "{4A52F8AE-AD92-4F40-BC21-3F81FAEB95E4}"
EndProject
Global
	GlobalSection(SolutionConfigurationPlatforms) = preSolution
		Debug|x64 = Debug|x64
		Debug|x86 = Debug|x86
		Release|x64 = Release|x64
		Release|x86 = Release|x86
	EndGlobalSection
	GlobalSection(ProjectConfigurationPlatforms) = postSolution
		{10816769-F2A0-4C27-85F1-B0E93C266FF6}.Debug|x64.ActiveCfg = Debug|x64
		{10816769-F2A0-4C27-85F1-B0E93C266FF6}.Debug|x64.Build.0 = Debug|x64
		{10816769-F2A0-4C27-85F1-B0E93C266FF6}.Debug|x86.ActiveCfg = Debug|Win32
		{10816769-F2A0-4C27-85F1-B0E93C266FF6}.Debug|x86.Build.0 = Debug|Win32
		{10816769-F2A0-4C27-85F1-B0E93C266FF6}.Release|x64.ActiveCfg = Release|x64
		{10816769-F2A0-4C27-85F1-B0E93C266FF6}.Release|x64.Build.0 = Release|x64
		{10816769-F2A0-4C27-85F1-B0E93C266FF6}.Release|x86.ActiveCfg = Release|Win32
		{10816769-F2A0-4C27-85F1-B0E93C266FF6}.Release|x86.Build.0 = Release|Win32
		{A34EC4F1-6DDE-40E4-92AD-2FF5E0A3145B}.Debug|x64.ActiveCfg = Debug|x64
		{A34EC4F1-6DDE-40E4-92AD-2FF5E0A3145B}.Debug|x64.Build.0 = Debug|x64
		{A34EC4F1-6DDE-40E4-92AD-2FF5E0A3145B}.Debug|x86.ActiveCfg = Debug|Win32
		{A34EC4F1-6DDE-40E4-92AD-2FF5E0A3145B}.Debug|x86.Build.0 = Debug|Win32
		{A34EC4F1-6DDE-40E4-92AD-2FF5E0A3145B}.Release|x64.ActiveCfg = Release|x64
		{A34EC4F1-6DDE-40E4-92AD-2FF5E0A3145B}.Release|x64.Build.0 = Release|x64
		{A34EC4F1-6DDE-40E4-92AD-2FF5E0A3145B}.Release|x86.ActiveCfg = Release|Win32
		{A34EC4F1-6DDE-40E4-92AD-2FF5E0A3145B}.Release|x86.Build.0 = Release|Win32
		{CD516357-2E6E-48E5-9C05-40F70EB4E513}.Debug|x64.ActiveCfg = Debug|x64
		{CD516357-2E6E-48E5-9C05-40F70EB4E513}.Debug|x64.Build.0 = Debug|x64
		{CD516357-2E6E-48E5-9C05-40F70EB4E513}.Debug|x86.ActiveCfg = Debug|Win32
		{CD516357-2E6E-48E5-9C05-40F70EB4E513}.Debug|x86.Build.0 = Debug|Win32
		{CD516357-2E6E-48E5-9C05-40F70EB4E513}.Release|x64.ActiveCfg = Release|x64
		{CD516357-2E6E-48E5-9C05-40F70EB4E513}.Release|x64.Build.0 = Release|x64
		{CD516357-2E6E-48E5-9C05-40F70EB4E513}.Release|x86.ActiveCfg = Release|Win32
		{CD516357-2E6E-48E5-9C05-40F70EB4E513}.Release|x86.Build.0 = Release|Win32
		{E55CF69B-99BB-4FB1-8F82-6338FF45D17F}.Debug|x64.ActiveCfg = Debug|x64
		{E55CF69B-99BB-4FB1-8F82-6338FF45D17F}.Debug|x64.Build.0 = Debug|x64
		{E55CF69B-99BB-4FB1-8F82-6338FF45D17F}.Debug|x86.ActiveCfg = Debug|Win32
		{E55CF69B-99BB-4FB1-8F82-6338FF45D17F}.Debug|x86.Build.0 = Debug|Win32
		{E55CF69B-99BB-4FB1-8F82-6338FF45D17F}.Release|x64.ActiveCfg = Release|x64
		{E55CF69B-99BB-4FB1-8F82-6338FF45D17F}.Release|x64.Build.0 = Release|x64
		{E55CF69B-99BB-4FB1-8F82-6338FF45D17F}.Release|x86.ActiveCfg = Release|Win32
		{E55CF69B-99BB-4FB1-8F82-6338FF45D17F}.Release|x86.Build.0 = Release|Win32
		{F5A05004-0852-445F-9355-3157AFF01296}.Debug|x64.ActiveCfg = Debug|x64
		{F5A05004-0852-445F-9355-3157AFF01296}.Debug|x64.Build.0 = Debug|x64
		{F5A05004-0852-445F-9355-3157AFF01296}.Debug|x86.ActiveCfg = Debug|Win32
		{F5A05004-0852-445F-9355-3157AFF01296}.Debug|x86.Build.0 = Debug|Win32
		{F5A05004-0852-445F-9355-3157AFF01296}.Release|x64.ActiveCfg = Release|x64
		{F5A05004-0852-445F-9355-3157AFF01296}.Release|x64.Build.0 = Release|x64
		{F5A05004-0852-445F-9355-3157AFF01296}.Release|x86.ActiveCfg = Release|Win32
		{F5A05004-0852-445F-9355-3157AFF01296}.Release|x86.Build.0 = Release|Win32
		{4A52F8AE-AD92-4F40-BC21-3F81FAEB95E4}.Debug|x64.ActiveCfg = Debug|x64
		{4A52F8AE-AD92-4F40-BC21-3F81FAEB95E4}.Debug|x64.Build.0 = Debug|x64
		{4A52F8AE-AD92-4F40-BC21-3F81FAEB95E4}.Debug|x86.ActiveCfg = Debug|Win32
		{4A52F8AE-AD92-4F40-BC21-3F81FAEB95E4}.Debug|x86.Build.0 = Debug|Win32
		{4A52F8AE-AD92-4F40-BC21-3F81FAEB95E4}.Release|x64.ActiveCfg = Release|x64
		{4A52F8AE-AD92-4F40-BC21-3F81FAEB95E4}.Release|x64.Build.0 = Release|x64
		{4A52F8AE-AD92-4F40-BC21-3F81FAEB95E4}.Release|x86.ActiveCfg = Release|Win32
		{4A52F8AE-AD92-4F40-BC21-3F81FAEB95E4}.Release|x86.Build.0 = Release|Win32
	EndGlobalSection
	GlobalSection(SolutionProperties) = preSolution
		HideSolutionNode = FALSE
	EndGlobalSection
	GlobalSection(NestedProjects) = preSolution
		{10816769-F2A0-4C27-85F1-B0E93C266FF6} = {626F43CC-1A5A-4D1E-8A15-78070647D283}
		{A34EC4F1-6DDE-40E4-92AD-2FF5E0A3145B} = {626F43CC-1A5A-4D1E-8A15-78070647D283}
		{CD516357-2E6E-48E5-9C05-40F70EB4E513} = {B98269C6-FDB3-4D38-8321-90AA28D76A99}
		{E55CF69B-99BB-4FB1-8F82-6338FF45D17F} = {5B72BFDD-883E-4DA3-B22A-78F912ACBC10}
		{F5A05004-0852-445F-9355-3157AFF01296} = {5B72BFDD-883E-4DA3-B22A-78F912ACBC10}
		{4A52F8AE-AD92-4F40-BC21-3F81FAEB95E4} = {5B72BFDD-883E-4DA3-B22A-78F912ACBC10}
	EndGlobalSection
	GlobalSection(ExtensibilityGlobals) = postSolution
		SolutionGuid = {2AD4F467-8D61-465F-A557-E3BF8CAF0E14}
	EndGlobalSection
EndGlobal
