
Microsoft Visual Studio Solution File, Format Version 12.00
# Visual Studio 15
VisualStudioVersion = 15.0.27130.2036
MinimumVisualStudioVersion = 10.0.40219.1
Project("{2150E333-8FDC-42A3-9474-1A3956D46DE8}") = "ch02", "ch02", "{626F43CC-1A5A-4D1E-8A15-78070647D283}"
EndProject
Project("{8BC9CEB8-8B4A-11D0-8D11-00A0C91BC942}") = "exercise02", "ch02\exercise02\exercise02.vcxproj", "{10816769-F2A0-4C27-85F1-B0E93C266FF6}"
EndProject
Project("{8BC9CEB8-8B4A-11D0-8D11-00A0C91BC942}") = "exercise03", "ch02\exercise03\exercise03.vcxproj", "{A34EC4F1-6DDE-40E4-92AD-2FF5E0A3145B}"
EndProject
Project("{2150E333-8FDC-42A3-9474-1A3956D46DE8}") = "ch03", "ch03", "{B98269C6-FDB3-4D38-8321-90AA28D76A99}"
EndProject
Project("{8BC9CEB8-8B4A-11D0-8D11-00A0C91BC942}") = "exercise04_05", "ch03\exercise04_05\exercise04_05.vcxproj", "{CD516357-2E6E-48E5-9C05-40F70EB4E513}"
EndProject
Project("{2150E333-8FDC-42A3-9474-1A3956D46DE8}") = "ch04", "ch04", "{5B72BFDD-883E-4DA3-B22A-78F912ACBC10}"
EndProject
Project("{8BC9CEB8-8B4A-11D0-8D11-00A0C91BC942}") = "exercise01_and_05 - char_numeric_values", "ch04\exercise01\exercise01.vcxproj", "{E55CF69B-99BB-4FB1-8F82-6338FF45D17F}"
EndProject
Project("{8BC9CEB8-8B4A-11D0-8D11-00A0C91BC942}") = "exercise02 - integer_char_values", "ch04\exercise02 - integer_char_values\exercise02 - integer_char_values.vcxproj", "{F5A05004-0852-445F-9355-3157AFF01296}"
EndProject
Project("{8BC9CEB8-8B4A-11D0-8D11-00A0C91BC942}") = "exercise04 - float_and_scientific_print", "ch04\exercise04 - float_and_scientific_print\exercise04 - float_and_scientific_print.vcxproj", "{4A52F8AE-AD92-4F40-BC21-3F81FAEB95E4}"
EndProject
Project("{2150E333-8FDC-42A3-9474-1A3956D46DE8}") = "ch05", "ch05", "{33BA33BC-6ECC-4F02-8888-7C2AAD5275BB}"
EndProject
Project("{8BC9CEB8-8B4A-11D0-8D11-00A0C91BC942}") = "Listing5.1_Reading_Char_From_User", "ch05\Listing5.1_Reading_Char_From_User\Listing5.1_Reading_Char_From_User.vcxproj", "{E028CBCF-9A3D-4F78-AB93-D0797ECF2057}"
EndProject
Project("{8BC9CEB8-8B4A-11D0-8D11-00A0C91BC942}") = "Listing5.2_Reading_Char_With_getchar", "ch05\Listing5.2_Reading_Char_With_getchar\Listing5.2_Reading_Char_With_getchar.vcxproj", "{B00D51C8-A0D2-41EE-A47D-46E6A61DB8C4}"
EndProject
Project("{8BC9CEB8-8B4A-11D0-8D11-00A0C91BC942}") = "Listing5.3_Putting_Char_With_putc", "ch05\Listing5.3_Putting_Char_With_putc\Listing5.3_Putting_Char_With_putc.vcxproj", "{15B24FBE-DAF2-48C2-B9D6-495648C1B04F}"
EndProject
Project("{8BC9CEB8-8B4A-11D0-8D11-00A0C91BC942}") = "Listing5.5_Converting_to_Hex", "ch05\Listing5.5_Converting_to_Hex\Listing5.5_Converting_to_Hex.vcxproj", "{0038AE4D-9252-40FD-83B0-EB691AC800AC}"
EndProject
Project("{8BC9CEB8-8B4A-11D0-8D11-00A0C91BC942}") = "Listing5.6_Minimum_Field_Width", "ch05\Listing5.6_Minimum_Field_Width\Listing5.6_Minimum_Field_Width.vcxproj", "{87CC6649-6E07-4C05-B63F-DCE82008BB5C}"
EndProject
Project("{8BC9CEB8-8B4A-11D0-8D11-00A0C91BC942}") = "Listing5.7_Left_or_Right_Allign_Output", "ch05\Listing5.7_Left_or_Right_Allign_Output\Listing5.7_Left_or_Right_Allign_Output.vcxproj", "{1F3D71D9-94DF-4892-8036-546023FFB41B}"
EndProject
Project("{8BC9CEB8-8B4A-11D0-8D11-00A0C91BC942}") = "Listing5.8_Using_Precision_Specifiers", "ch05\Listing5.8_Using_Precision_Specifiers\Listing5.8_Using_Precision_Specifiers.vcxproj", "{FAC79D20-EAD5-4E37-87EE-E217A0EB4E63}"
EndProject
Project("{8BC9CEB8-8B4A-11D0-8D11-00A0C91BC942}") = "Exercise5.1_Put_Chars", "ch05\Exercise5.1_Put_Chars\Exercise5.1_Put_Chars.vcxproj", "{AEF63456-CAFD-4EAA-88FE-17C9CE26E5FD}"
EndProject
Project("{8BC9CEB8-8B4A-11D0-8D11-00A0C91BC942}") = "Exercise5.2_Display_Numbers", "ch05\Exercise5.2_Display_Numbers\Exercise5.2_Display_Numbers.vcxproj", "{1DE3742B-BE7E-450B-B1C0-86D305846DF4}"
EndProject
Project("{8BC9CEB8-8B4A-11D0-8D11-00A0C91BC942}") = "Exercise5.3_Integer_to_Hex", "ch05\Exercise5.3_Integer_to_Hex\Exercise5.3_Integer_to_Hex.vcxproj", "{897A82A2-4E09-4B2E-9500-525A0C32878F}"
EndProject
Project("{8BC9CEB8-8B4A-11D0-8D11-00A0C91BC942}") = "Exercise5.4_Get_and_Put_Char", "ch05\Exercise5.4_Get_and_Put_Char\Exercise5.4_Get_and_Put_Char.vcxproj", "{2A9F033A-45CB-4C48-883E-8AB17C7BF410}"
EndProject
Project("{2150E333-8FDC-42A3-9474-1A3956D46DE8}") = "ch06", "ch06", "{C82D4C75-E6D3-4DA9-9D49-AF2F06B34955}"
EndProject
Project("{8BC9CEB8-8B4A-11D0-8D11-00A0C91BC942}") = "Listing6.1_Arithmetic_Assignment_Operators", "ch06\Listing6.1_Arithmetic_Assignment_Operators\Listing6.1_Arithmetic_Assignment_Operators.vcxproj", "{51102D25-EED5-44A9-993F-26C7D953357C}"
EndProject
Project("{8BC9CEB8-8B4A-11D0-8D11-00A0C91BC942}") = "Listing6.2_Using_Pre_and_Post_Inc_And_Dec", "ch06\Listing6.2_Using_Pre_and_Post_Inc_And_Dec\Listing6.2_Using_Pre_and_Post_Inc_And_Dec.vcxproj", "{85124E3F-54B8-4A2D-BDA9-8AF7753743F3}"
EndProject
Project("{8BC9CEB8-8B4A-11D0-8D11-00A0C91BC942}") = "Listing6.3_Relational_Expressions", "ch06\Listing6.3_Relational_Expressions\Listing6.3_Relational_Expressions.vcxproj", "{BFAC9AF3-66F4-4DDB-884C-3206BAA05AB3}"
EndProject
Project("{8BC9CEB8-8B4A-11D0-8D11-00A0C91BC942}") = "Listing6.4_Cast_Operator", "ch06\Listing6.4_Cast_Operator\Listing6.4_Cast_Operator.vcxproj", "{3AE81445-BF27-4BE1-A71B-C08541D73696}"
EndProject
Project("{8BC9CEB8-8B4A-11D0-8D11-00A0C91BC942}") = "Exercise6.1", "ch06\Exercise6.1\Exercise6.1.vcxproj", "{0AEC3E6F-9160-4121-980E-B98B90983CD8}"
EndProject
Project("{8BC9CEB8-8B4A-11D0-8D11-00A0C91BC942}") = "Exercise6.2", "ch06\Exercise6.2\Exercise6.2.vcxproj", "{153C8AEE-70DA-4B72-A1E3-1E51F7A50061}"
EndProject
Project("{8BC9CEB8-8B4A-11D0-8D11-00A0C91BC942}") = "Exercise6.3", "ch06\Exercise6.3\Exercise6.3.vcxproj", "{08AF622E-ACD3-44FE-9269-49EC2E1A0BE5}"
EndProject
Project("{8BC9CEB8-8B4A-11D0-8D11-00A0C91BC942}") = "Exercise6.4", "ch06\Exercise6.4\Exercise6.4.vcxproj", "{9B6A7386-D66C-4C8A-86F3-6337494905C0}"
EndProject
Project("{8BC9CEB8-8B4A-11D0-8D11-00A0C91BC942}") = "Exercise6.5", "ch06\Exercise6.5\Exercise6.5.vcxproj", "{9B339642-E910-4146-9BC0-3289170ABFF4}"
EndProject
Project("{2150E333-8FDC-42A3-9474-1A3956D46DE8}") = "ch07", "ch07", "{D54D6A53-1CF0-42E0-A014-A67E01CFEDE3}"
EndProject
Project("{8BC9CEB8-8B4A-11D0-8D11-00A0C91BC942}") = "Listing7.1_Using_While_Loop", "ch07\Listing7.1_Using_While_Loop\Listing7.1_Using_While_Loop.vcxproj", "{5A7E7982-16D3-4D30-8C7E-0B5DB2A37855}"
EndProject
Project("{8BC9CEB8-8B4A-11D0-8D11-00A0C91BC942}") = "Listing7.3_Using_For_Loop_Hex", "ch07\Listing7.3_Using_For_Loop_Hex\Listing7.3_Using_For_Loop_Hex.vcxproj", "{5DE92AA0-1989-427F-A33D-158F44760535}"
EndProject
Project("{8BC9CEB8-8B4A-11D0-8D11-00A0C91BC942}") = "Listing7.2_Using_Do_While_Loop", "ch07\Listing7.2_Using_Do_While_Loop\Listing7.2_Using_Do_While_Loop.vcxproj", "{D0BFDE1F-C4E4-4178-A331-5C87D2313680}"
EndProject
Project("{8BC9CEB8-8B4A-11D0-8D11-00A0C91BC942}") = "Listing7.4_Multiple_Expressions_For_Loop", "ch07\Listing7.4_Multiple_Expressions_For_Loop\Listing7.4_Multiple_Expressions_For_Loop.vcxproj", "{A6DA20CE-B72E-4BCA-8A41-5CF4C9519867}"
EndProject
Project("{8BC9CEB8-8B4A-11D0-8D11-00A0C91BC942}") = "Listing7.5_Using_Nested_Loops", "ch07\Listing7.5_Using_Nested_Loops\Listing7.5_Using_Nested_Loops.vcxproj", "{61E911A0-3A56-442F-ABC8-B91337D98134}"
EndProject
Project("{8BC9CEB8-8B4A-11D0-8D11-00A0C91BC942}") = "Exercise7.1_Different_For_Loops", "ch07\Exercise7.1_Different_For_Loops\Exercise7.1_Different_For_Loops.vcxproj", "{4A076BF1-8E99-499A-A0B7-1503404F5118}"
EndProject
Project("{8BC9CEB8-8B4A-11D0-8D11-00A0C91BC942}") = "Exercise7.2_Changing_While_Loop", "ch07\Exercise7.2_Changing_While_Loop\Exercise7.2_Changing_While_Loop.vcxproj", "{5AF2F5DE-1985-4F47-B83B-4F388D257048}"
EndProject
Project("{8BC9CEB8-8B4A-11D0-8D11-00A0C91BC942}") = "Exercise7.3_Do_While_Change", "ch07\Exercise7.3_Do_While_Change\Exercise7.3_Do_While_Change.vcxproj", "{BDBEDB97-37C4-4D19-916D-D32106DC267C}"
EndProject
Project("{8BC9CEB8-8B4A-11D0-8D11-00A0C91BC942}") = "Exercise7.4_Nested_Loop", "ch07\Exercise7.4_Nested_Loop\Exercise7.4_Nested_Loop.vcxproj", "{B17BED3E-8CA5-46A6-ACD6-B71230FB54DD}"
EndProject
Project("{2150E333-8FDC-42A3-9474-1A3956D46DE8}") = "ch08", "ch08", "{F5919E8D-3138-4EFA-9E2F-569C2BBA777B}"
EndProject
Project("{8BC9CEB8-8B4A-11D0-8D11-00A0C91BC942}") = "Listing8.1_Using_Sizeof_Operator", "ch08\Listing8.1_Using_Sizeof_Operator\Listing8.1_Using_Sizeof_Operator.vcxproj", "{D01A512E-BAD4-4C9C-8533-C25B9A7527C6}"
EndProject
Global
	GlobalSection(SolutionConfigurationPlatforms) = preSolution
		Debug|x64 = Debug|x64
		Debug|x86 = Debug|x86
		Release|x64 = Release|x64
		Release|x86 = Release|x86
	EndGlobalSection
	GlobalSection(ProjectConfigurationPlatforms) = postSolution
		{10816769-F2A0-4C27-85F1-B0E93C266FF6}.Debug|x64.ActiveCfg = Debug|x64
		{10816769-F2A0-4C27-85F1-B0E93C266FF6}.Debug|x64.Build.0 = Debug|x64
		{10816769-F2A0-4C27-85F1-B0E93C266FF6}.Debug|x86.ActiveCfg = Debug|Win32
		{10816769-F2A0-4C27-85F1-B0E93C266FF6}.Debug|x86.Build.0 = Debug|Win32
		{10816769-F2A0-4C27-85F1-B0E93C266FF6}.Release|x64.ActiveCfg = Release|x64
		{10816769-F2A0-4C27-85F1-B0E93C266FF6}.Release|x64.Build.0 = Release|x64
		{10816769-F2A0-4C27-85F1-B0E93C266FF6}.Release|x86.ActiveCfg = Release|Win32
		{10816769-F2A0-4C27-85F1-B0E93C266FF6}.Release|x86.Build.0 = Release|Win32
		{A34EC4F1-6DDE-40E4-92AD-2FF5E0A3145B}.Debug|x64.ActiveCfg = Debug|x64
		{A34EC4F1-6DDE-40E4-92AD-2FF5E0A3145B}.Debug|x64.Build.0 = Debug|x64
		{A34EC4F1-6DDE-40E4-92AD-2FF5E0A3145B}.Debug|x86.ActiveCfg = Debug|Win32
		{A34EC4F1-6DDE-40E4-92AD-2FF5E0A3145B}.Debug|x86.Build.0 = Debug|Win32
		{A34EC4F1-6DDE-40E4-92AD-2FF5E0A3145B}.Release|x64.ActiveCfg = Release|x64
		{A34EC4F1-6DDE-40E4-92AD-2FF5E0A3145B}.Release|x64.Build.0 = Release|x64
		{A34EC4F1-6DDE-40E4-92AD-2FF5E0A3145B}.Release|x86.ActiveCfg = Release|Win32
		{A34EC4F1-6DDE-40E4-92AD-2FF5E0A3145B}.Release|x86.Build.0 = Release|Win32
		{CD516357-2E6E-48E5-9C05-40F70EB4E513}.Debug|x64.ActiveCfg = Debug|x64
		{CD516357-2E6E-48E5-9C05-40F70EB4E513}.Debug|x64.Build.0 = Debug|x64
		{CD516357-2E6E-48E5-9C05-40F70EB4E513}.Debug|x86.ActiveCfg = Debug|Win32
		{CD516357-2E6E-48E5-9C05-40F70EB4E513}.Debug|x86.Build.0 = Debug|Win32
		{CD516357-2E6E-48E5-9C05-40F70EB4E513}.Release|x64.ActiveCfg = Release|x64
		{CD516357-2E6E-48E5-9C05-40F70EB4E513}.Release|x64.Build.0 = Release|x64
		{CD516357-2E6E-48E5-9C05-40F70EB4E513}.Release|x86.ActiveCfg = Release|Win32
		{CD516357-2E6E-48E5-9C05-40F70EB4E513}.Release|x86.Build.0 = Release|Win32
		{E55CF69B-99BB-4FB1-8F82-6338FF45D17F}.Debug|x64.ActiveCfg = Debug|x64
		{E55CF69B-99BB-4FB1-8F82-6338FF45D17F}.Debug|x64.Build.0 = Debug|x64
		{E55CF69B-99BB-4FB1-8F82-6338FF45D17F}.Debug|x86.ActiveCfg = Debug|Win32
		{E55CF69B-99BB-4FB1-8F82-6338FF45D17F}.Debug|x86.Build.0 = Debug|Win32
		{E55CF69B-99BB-4FB1-8F82-6338FF45D17F}.Release|x64.ActiveCfg = Release|x64
		{E55CF69B-99BB-4FB1-8F82-6338FF45D17F}.Release|x64.Build.0 = Release|x64
		{E55CF69B-99BB-4FB1-8F82-6338FF45D17F}.Release|x86.ActiveCfg = Release|Win32
		{E55CF69B-99BB-4FB1-8F82-6338FF45D17F}.Release|x86.Build.0 = Release|Win32
		{F5A05004-0852-445F-9355-3157AFF01296}.Debug|x64.ActiveCfg = Debug|x64
		{F5A05004-0852-445F-9355-3157AFF01296}.Debug|x64.Build.0 = Debug|x64
		{F5A05004-0852-445F-9355-3157AFF01296}.Debug|x86.ActiveCfg = Debug|Win32
		{F5A05004-0852-445F-9355-3157AFF01296}.Debug|x86.Build.0 = Debug|Win32
		{F5A05004-0852-445F-9355-3157AFF01296}.Release|x64.ActiveCfg = Release|x64
		{F5A05004-0852-445F-9355-3157AFF01296}.Release|x64.Build.0 = Release|x64
		{F5A05004-0852-445F-9355-3157AFF01296}.Release|x86.ActiveCfg = Release|Win32
		{F5A05004-0852-445F-9355-3157AFF01296}.Release|x86.Build.0 = Release|Win32
		{4A52F8AE-AD92-4F40-BC21-3F81FAEB95E4}.Debug|x64.ActiveCfg = Debug|x64
		{4A52F8AE-AD92-4F40-BC21-3F81FAEB95E4}.Debug|x64.Build.0 = Debug|x64
		{4A52F8AE-AD92-4F40-BC21-3F81FAEB95E4}.Debug|x86.ActiveCfg = Debug|Win32
		{4A52F8AE-AD92-4F40-BC21-3F81FAEB95E4}.Debug|x86.Build.0 = Debug|Win32
		{4A52F8AE-AD92-4F40-BC21-3F81FAEB95E4}.Release|x64.ActiveCfg = Release|x64
		{4A52F8AE-AD92-4F40-BC21-3F81FAEB95E4}.Release|x64.Build.0 = Release|x64
		{4A52F8AE-AD92-4F40-BC21-3F81FAEB95E4}.Release|x86.ActiveCfg = Release|Win32
		{4A52F8AE-AD92-4F40-BC21-3F81FAEB95E4}.Release|x86.Build.0 = Release|Win32
		{E028CBCF-9A3D-4F78-AB93-D0797ECF2057}.Debug|x64.ActiveCfg = Debug|x64
		{E028CBCF-9A3D-4F78-AB93-D0797ECF2057}.Debug|x64.Build.0 = Debug|x64
		{E028CBCF-9A3D-4F78-AB93-D0797ECF2057}.Debug|x86.ActiveCfg = Debug|Win32
		{E028CBCF-9A3D-4F78-AB93-D0797ECF2057}.Debug|x86.Build.0 = Debug|Win32
		{E028CBCF-9A3D-4F78-AB93-D0797ECF2057}.Release|x64.ActiveCfg = Release|x64
		{E028CBCF-9A3D-4F78-AB93-D0797ECF2057}.Release|x64.Build.0 = Release|x64
		{E028CBCF-9A3D-4F78-AB93-D0797ECF2057}.Release|x86.ActiveCfg = Release|Win32
		{E028CBCF-9A3D-4F78-AB93-D0797ECF2057}.Release|x86.Build.0 = Release|Win32
		{B00D51C8-A0D2-41EE-A47D-46E6A61DB8C4}.Debug|x64.ActiveCfg = Debug|x64
		{B00D51C8-A0D2-41EE-A47D-46E6A61DB8C4}.Debug|x64.Build.0 = Debug|x64
		{B00D51C8-A0D2-41EE-A47D-46E6A61DB8C4}.Debug|x86.ActiveCfg = Debug|Win32
		{B00D51C8-A0D2-41EE-A47D-46E6A61DB8C4}.Debug|x86.Build.0 = Debug|Win32
		{B00D51C8-A0D2-41EE-A47D-46E6A61DB8C4}.Release|x64.ActiveCfg = Release|x64
		{B00D51C8-A0D2-41EE-A47D-46E6A61DB8C4}.Release|x64.Build.0 = Release|x64
		{B00D51C8-A0D2-41EE-A47D-46E6A61DB8C4}.Release|x86.ActiveCfg = Release|Win32
		{B00D51C8-A0D2-41EE-A47D-46E6A61DB8C4}.Release|x86.Build.0 = Release|Win32
		{15B24FBE-DAF2-48C2-B9D6-495648C1B04F}.Debug|x64.ActiveCfg = Debug|x64
		{15B24FBE-DAF2-48C2-B9D6-495648C1B04F}.Debug|x64.Build.0 = Debug|x64
		{15B24FBE-DAF2-48C2-B9D6-495648C1B04F}.Debug|x86.ActiveCfg = Debug|Win32
		{15B24FBE-DAF2-48C2-B9D6-495648C1B04F}.Debug|x86.Build.0 = Debug|Win32
		{15B24FBE-DAF2-48C2-B9D6-495648C1B04F}.Release|x64.ActiveCfg = Release|x64
		{15B24FBE-DAF2-48C2-B9D6-495648C1B04F}.Release|x64.Build.0 = Release|x64
		{15B24FBE-DAF2-48C2-B9D6-495648C1B04F}.Release|x86.ActiveCfg = Release|Win32
		{15B24FBE-DAF2-48C2-B9D6-495648C1B04F}.Release|x86.Build.0 = Release|Win32
		{0038AE4D-9252-40FD-83B0-EB691AC800AC}.Debug|x64.ActiveCfg = Debug|x64
		{0038AE4D-9252-40FD-83B0-EB691AC800AC}.Debug|x64.Build.0 = Debug|x64
		{0038AE4D-9252-40FD-83B0-EB691AC800AC}.Debug|x86.ActiveCfg = Debug|Win32
		{0038AE4D-9252-40FD-83B0-EB691AC800AC}.Debug|x86.Build.0 = Debug|Win32
		{0038AE4D-9252-40FD-83B0-EB691AC800AC}.Release|x64.ActiveCfg = Release|x64
		{0038AE4D-9252-40FD-83B0-EB691AC800AC}.Release|x64.Build.0 = Release|x64
		{0038AE4D-9252-40FD-83B0-EB691AC800AC}.Release|x86.ActiveCfg = Release|Win32
		{0038AE4D-9252-40FD-83B0-EB691AC800AC}.Release|x86.Build.0 = Release|Win32
		{87CC6649-6E07-4C05-B63F-DCE82008BB5C}.Debug|x64.ActiveCfg = Debug|x64
		{87CC6649-6E07-4C05-B63F-DCE82008BB5C}.Debug|x64.Build.0 = Debug|x64
		{87CC6649-6E07-4C05-B63F-DCE82008BB5C}.Debug|x86.ActiveCfg = Debug|Win32
		{87CC6649-6E07-4C05-B63F-DCE82008BB5C}.Debug|x86.Build.0 = Debug|Win32
		{87CC6649-6E07-4C05-B63F-DCE82008BB5C}.Release|x64.ActiveCfg = Release|x64
		{87CC6649-6E07-4C05-B63F-DCE82008BB5C}.Release|x64.Build.0 = Release|x64
		{87CC6649-6E07-4C05-B63F-DCE82008BB5C}.Release|x86.ActiveCfg = Release|Win32
		{87CC6649-6E07-4C05-B63F-DCE82008BB5C}.Release|x86.Build.0 = Release|Win32
		{1F3D71D9-94DF-4892-8036-546023FFB41B}.Debug|x64.ActiveCfg = Debug|x64
		{1F3D71D9-94DF-4892-8036-546023FFB41B}.Debug|x64.Build.0 = Debug|x64
		{1F3D71D9-94DF-4892-8036-546023FFB41B}.Debug|x86.ActiveCfg = Debug|Win32
		{1F3D71D9-94DF-4892-8036-546023FFB41B}.Debug|x86.Build.0 = Debug|Win32
		{1F3D71D9-94DF-4892-8036-546023FFB41B}.Release|x64.ActiveCfg = Release|x64
		{1F3D71D9-94DF-4892-8036-546023FFB41B}.Release|x64.Build.0 = Release|x64
		{1F3D71D9-94DF-4892-8036-546023FFB41B}.Release|x86.ActiveCfg = Release|Win32
		{1F3D71D9-94DF-4892-8036-546023FFB41B}.Release|x86.Build.0 = Release|Win32
		{FAC79D20-EAD5-4E37-87EE-E217A0EB4E63}.Debug|x64.ActiveCfg = Debug|x64
		{FAC79D20-EAD5-4E37-87EE-E217A0EB4E63}.Debug|x64.Build.0 = Debug|x64
		{FAC79D20-EAD5-4E37-87EE-E217A0EB4E63}.Debug|x86.ActiveCfg = Debug|Win32
		{FAC79D20-EAD5-4E37-87EE-E217A0EB4E63}.Debug|x86.Build.0 = Debug|Win32
		{FAC79D20-EAD5-4E37-87EE-E217A0EB4E63}.Release|x64.ActiveCfg = Release|x64
		{FAC79D20-EAD5-4E37-87EE-E217A0EB4E63}.Release|x64.Build.0 = Release|x64
		{FAC79D20-EAD5-4E37-87EE-E217A0EB4E63}.Release|x86.ActiveCfg = Release|Win32
		{FAC79D20-EAD5-4E37-87EE-E217A0EB4E63}.Release|x86.Build.0 = Release|Win32
		{AEF63456-CAFD-4EAA-88FE-17C9CE26E5FD}.Debug|x64.ActiveCfg = Debug|x64
		{AEF63456-CAFD-4EAA-88FE-17C9CE26E5FD}.Debug|x64.Build.0 = Debug|x64
		{AEF63456-CAFD-4EAA-88FE-17C9CE26E5FD}.Debug|x86.ActiveCfg = Debug|Win32
		{AEF63456-CAFD-4EAA-88FE-17C9CE26E5FD}.Debug|x86.Build.0 = Debug|Win32
		{AEF63456-CAFD-4EAA-88FE-17C9CE26E5FD}.Release|x64.ActiveCfg = Release|x64
		{AEF63456-CAFD-4EAA-88FE-17C9CE26E5FD}.Release|x64.Build.0 = Release|x64
		{AEF63456-CAFD-4EAA-88FE-17C9CE26E5FD}.Release|x86.ActiveCfg = Release|Win32
		{AEF63456-CAFD-4EAA-88FE-17C9CE26E5FD}.Release|x86.Build.0 = Release|Win32
		{1DE3742B-BE7E-450B-B1C0-86D305846DF4}.Debug|x64.ActiveCfg = Debug|x64
		{1DE3742B-BE7E-450B-B1C0-86D305846DF4}.Debug|x64.Build.0 = Debug|x64
		{1DE3742B-BE7E-450B-B1C0-86D305846DF4}.Debug|x86.ActiveCfg = Debug|Win32
		{1DE3742B-BE7E-450B-B1C0-86D305846DF4}.Debug|x86.Build.0 = Debug|Win32
		{1DE3742B-BE7E-450B-B1C0-86D305846DF4}.Release|x64.ActiveCfg = Release|x64
		{1DE3742B-BE7E-450B-B1C0-86D305846DF4}.Release|x64.Build.0 = Release|x64
		{1DE3742B-BE7E-450B-B1C0-86D305846DF4}.Release|x86.ActiveCfg = Release|Win32
		{1DE3742B-BE7E-450B-B1C0-86D305846DF4}.Release|x86.Build.0 = Release|Win32
		{897A82A2-4E09-4B2E-9500-525A0C32878F}.Debug|x64.ActiveCfg = Debug|x64
		{897A82A2-4E09-4B2E-9500-525A0C32878F}.Debug|x64.Build.0 = Debug|x64
		{897A82A2-4E09-4B2E-9500-525A0C32878F}.Debug|x86.ActiveCfg = Debug|Win32
		{897A82A2-4E09-4B2E-9500-525A0C32878F}.Debug|x86.Build.0 = Debug|Win32
		{897A82A2-4E09-4B2E-9500-525A0C32878F}.Release|x64.ActiveCfg = Release|x64
		{897A82A2-4E09-4B2E-9500-525A0C32878F}.Release|x64.Build.0 = Release|x64
		{897A82A2-4E09-4B2E-9500-525A0C32878F}.Release|x86.ActiveCfg = Release|Win32
		{897A82A2-4E09-4B2E-9500-525A0C32878F}.Release|x86.Build.0 = Release|Win32
		{2A9F033A-45CB-4C48-883E-8AB17C7BF410}.Debug|x64.ActiveCfg = Debug|x64
		{2A9F033A-45CB-4C48-883E-8AB17C7BF410}.Debug|x64.Build.0 = Debug|x64
		{2A9F033A-45CB-4C48-883E-8AB17C7BF410}.Debug|x86.ActiveCfg = Debug|Win32
		{2A9F033A-45CB-4C48-883E-8AB17C7BF410}.Debug|x86.Build.0 = Debug|Win32
		{2A9F033A-45CB-4C48-883E-8AB17C7BF410}.Release|x64.ActiveCfg = Release|x64
		{2A9F033A-45CB-4C48-883E-8AB17C7BF410}.Release|x64.Build.0 = Release|x64
		{2A9F033A-45CB-4C48-883E-8AB17C7BF410}.Release|x86.ActiveCfg = Release|Win32
		{2A9F033A-45CB-4C48-883E-8AB17C7BF410}.Release|x86.Build.0 = Release|Win32
		{51102D25-EED5-44A9-993F-26C7D953357C}.Debug|x64.ActiveCfg = Debug|x64
		{51102D25-EED5-44A9-993F-26C7D953357C}.Debug|x64.Build.0 = Debug|x64
		{51102D25-EED5-44A9-993F-26C7D953357C}.Debug|x86.ActiveCfg = Debug|Win32
		{51102D25-EED5-44A9-993F-26C7D953357C}.Debug|x86.Build.0 = Debug|Win32
		{51102D25-EED5-44A9-993F-26C7D953357C}.Release|x64.ActiveCfg = Release|x64
		{51102D25-EED5-44A9-993F-26C7D953357C}.Release|x64.Build.0 = Release|x64
		{51102D25-EED5-44A9-993F-26C7D953357C}.Release|x86.ActiveCfg = Release|Win32
		{51102D25-EED5-44A9-993F-26C7D953357C}.Release|x86.Build.0 = Release|Win32
		{85124E3F-54B8-4A2D-BDA9-8AF7753743F3}.Debug|x64.ActiveCfg = Debug|x64
		{85124E3F-54B8-4A2D-BDA9-8AF7753743F3}.Debug|x64.Build.0 = Debug|x64
		{85124E3F-54B8-4A2D-BDA9-8AF7753743F3}.Debug|x86.ActiveCfg = Debug|Win32
		{85124E3F-54B8-4A2D-BDA9-8AF7753743F3}.Debug|x86.Build.0 = Debug|Win32
		{85124E3F-54B8-4A2D-BDA9-8AF7753743F3}.Release|x64.ActiveCfg = Release|x64
		{85124E3F-54B8-4A2D-BDA9-8AF7753743F3}.Release|x64.Build.0 = Release|x64
		{85124E3F-54B8-4A2D-BDA9-8AF7753743F3}.Release|x86.ActiveCfg = Release|Win32
		{85124E3F-54B8-4A2D-BDA9-8AF7753743F3}.Release|x86.Build.0 = Release|Win32
		{BFAC9AF3-66F4-4DDB-884C-3206BAA05AB3}.Debug|x64.ActiveCfg = Debug|x64
		{BFAC9AF3-66F4-4DDB-884C-3206BAA05AB3}.Debug|x64.Build.0 = Debug|x64
		{BFAC9AF3-66F4-4DDB-884C-3206BAA05AB3}.Debug|x86.ActiveCfg = Debug|Win32
		{BFAC9AF3-66F4-4DDB-884C-3206BAA05AB3}.Debug|x86.Build.0 = Debug|Win32
		{BFAC9AF3-66F4-4DDB-884C-3206BAA05AB3}.Release|x64.ActiveCfg = Release|x64
		{BFAC9AF3-66F4-4DDB-884C-3206BAA05AB3}.Release|x64.Build.0 = Release|x64
		{BFAC9AF3-66F4-4DDB-884C-3206BAA05AB3}.Release|x86.ActiveCfg = Release|Win32
		{BFAC9AF3-66F4-4DDB-884C-3206BAA05AB3}.Release|x86.Build.0 = Release|Win32
		{3AE81445-BF27-4BE1-A71B-C08541D73696}.Debug|x64.ActiveCfg = Debug|x64
		{3AE81445-BF27-4BE1-A71B-C08541D73696}.Debug|x64.Build.0 = Debug|x64
		{3AE81445-BF27-4BE1-A71B-C08541D73696}.Debug|x86.ActiveCfg = Debug|Win32
		{3AE81445-BF27-4BE1-A71B-C08541D73696}.Debug|x86.Build.0 = Debug|Win32
		{3AE81445-BF27-4BE1-A71B-C08541D73696}.Release|x64.ActiveCfg = Release|x64
		{3AE81445-BF27-4BE1-A71B-C08541D73696}.Release|x64.Build.0 = Release|x64
		{3AE81445-BF27-4BE1-A71B-C08541D73696}.Release|x86.ActiveCfg = Release|Win32
		{3AE81445-BF27-4BE1-A71B-C08541D73696}.Release|x86.Build.0 = Release|Win32
		{0AEC3E6F-9160-4121-980E-B98B90983CD8}.Debug|x64.ActiveCfg = Debug|x64
		{0AEC3E6F-9160-4121-980E-B98B90983CD8}.Debug|x64.Build.0 = Debug|x64
		{0AEC3E6F-9160-4121-980E-B98B90983CD8}.Debug|x86.ActiveCfg = Debug|Win32
		{0AEC3E6F-9160-4121-980E-B98B90983CD8}.Debug|x86.Build.0 = Debug|Win32
		{0AEC3E6F-9160-4121-980E-B98B90983CD8}.Release|x64.ActiveCfg = Release|x64
		{0AEC3E6F-9160-4121-980E-B98B90983CD8}.Release|x64.Build.0 = Release|x64
		{0AEC3E6F-9160-4121-980E-B98B90983CD8}.Release|x86.ActiveCfg = Release|Win32
		{0AEC3E6F-9160-4121-980E-B98B90983CD8}.Release|x86.Build.0 = Release|Win32
		{153C8AEE-70DA-4B72-A1E3-1E51F7A50061}.Debug|x64.ActiveCfg = Debug|x64
		{153C8AEE-70DA-4B72-A1E3-1E51F7A50061}.Debug|x64.Build.0 = Debug|x64
		{153C8AEE-70DA-4B72-A1E3-1E51F7A50061}.Debug|x86.ActiveCfg = Debug|Win32
		{153C8AEE-70DA-4B72-A1E3-1E51F7A50061}.Debug|x86.Build.0 = Debug|Win32
		{153C8AEE-70DA-4B72-A1E3-1E51F7A50061}.Release|x64.ActiveCfg = Release|x64
		{153C8AEE-70DA-4B72-A1E3-1E51F7A50061}.Release|x64.Build.0 = Release|x64
		{153C8AEE-70DA-4B72-A1E3-1E51F7A50061}.Release|x86.ActiveCfg = Release|Win32
		{153C8AEE-70DA-4B72-A1E3-1E51F7A50061}.Release|x86.Build.0 = Release|Win32
		{08AF622E-ACD3-44FE-9269-49EC2E1A0BE5}.Debug|x64.ActiveCfg = Debug|x64
		{08AF622E-ACD3-44FE-9269-49EC2E1A0BE5}.Debug|x64.Build.0 = Debug|x64
		{08AF622E-ACD3-44FE-9269-49EC2E1A0BE5}.Debug|x86.ActiveCfg = Debug|Win32
		{08AF622E-ACD3-44FE-9269-49EC2E1A0BE5}.Debug|x86.Build.0 = Debug|Win32
		{08AF622E-ACD3-44FE-9269-49EC2E1A0BE5}.Release|x64.ActiveCfg = Release|x64
		{08AF622E-ACD3-44FE-9269-49EC2E1A0BE5}.Release|x64.Build.0 = Release|x64
		{08AF622E-ACD3-44FE-9269-49EC2E1A0BE5}.Release|x86.ActiveCfg = Release|Win32
		{08AF622E-ACD3-44FE-9269-49EC2E1A0BE5}.Release|x86.Build.0 = Release|Win32
		{9B6A7386-D66C-4C8A-86F3-6337494905C0}.Debug|x64.ActiveCfg = Debug|x64
		{9B6A7386-D66C-4C8A-86F3-6337494905C0}.Debug|x64.Build.0 = Debug|x64
		{9B6A7386-D66C-4C8A-86F3-6337494905C0}.Debug|x86.ActiveCfg = Debug|Win32
		{9B6A7386-D66C-4C8A-86F3-6337494905C0}.Debug|x86.Build.0 = Debug|Win32
		{9B6A7386-D66C-4C8A-86F3-6337494905C0}.Release|x64.ActiveCfg = Release|x64
		{9B6A7386-D66C-4C8A-86F3-6337494905C0}.Release|x64.Build.0 = Release|x64
		{9B6A7386-D66C-4C8A-86F3-6337494905C0}.Release|x86.ActiveCfg = Release|Win32
		{9B6A7386-D66C-4C8A-86F3-6337494905C0}.Release|x86.Build.0 = Release|Win32
		{9B339642-E910-4146-9BC0-3289170ABFF4}.Debug|x64.ActiveCfg = Debug|x64
		{9B339642-E910-4146-9BC0-3289170ABFF4}.Debug|x64.Build.0 = Debug|x64
		{9B339642-E910-4146-9BC0-3289170ABFF4}.Debug|x86.ActiveCfg = Debug|Win32
		{9B339642-E910-4146-9BC0-3289170ABFF4}.Debug|x86.Build.0 = Debug|Win32
		{9B339642-E910-4146-9BC0-3289170ABFF4}.Release|x64.ActiveCfg = Release|x64
		{9B339642-E910-4146-9BC0-3289170ABFF4}.Release|x64.Build.0 = Release|x64
		{9B339642-E910-4146-9BC0-3289170ABFF4}.Release|x86.ActiveCfg = Release|Win32
		{9B339642-E910-4146-9BC0-3289170ABFF4}.Release|x86.Build.0 = Release|Win32
		{5A7E7982-16D3-4D30-8C7E-0B5DB2A37855}.Debug|x64.ActiveCfg = Debug|x64
		{5A7E7982-16D3-4D30-8C7E-0B5DB2A37855}.Debug|x64.Build.0 = Debug|x64
		{5A7E7982-16D3-4D30-8C7E-0B5DB2A37855}.Debug|x86.ActiveCfg = Debug|Win32
		{5A7E7982-16D3-4D30-8C7E-0B5DB2A37855}.Debug|x86.Build.0 = Debug|Win32
		{5A7E7982-16D3-4D30-8C7E-0B5DB2A37855}.Release|x64.ActiveCfg = Release|x64
		{5A7E7982-16D3-4D30-8C7E-0B5DB2A37855}.Release|x64.Build.0 = Release|x64
		{5A7E7982-16D3-4D30-8C7E-0B5DB2A37855}.Release|x86.ActiveCfg = Release|Win32
		{5A7E7982-16D3-4D30-8C7E-0B5DB2A37855}.Release|x86.Build.0 = Release|Win32
		{5DE92AA0-1989-427F-A33D-158F44760535}.Debug|x64.ActiveCfg = Debug|x64
		{5DE92AA0-1989-427F-A33D-158F44760535}.Debug|x64.Build.0 = Debug|x64
		{5DE92AA0-1989-427F-A33D-158F44760535}.Debug|x86.ActiveCfg = Debug|Win32
		{5DE92AA0-1989-427F-A33D-158F44760535}.Debug|x86.Build.0 = Debug|Win32
		{5DE92AA0-1989-427F-A33D-158F44760535}.Release|x64.ActiveCfg = Release|x64
		{5DE92AA0-1989-427F-A33D-158F44760535}.Release|x64.Build.0 = Release|x64
		{5DE92AA0-1989-427F-A33D-158F44760535}.Release|x86.ActiveCfg = Release|Win32
		{5DE92AA0-1989-427F-A33D-158F44760535}.Release|x86.Build.0 = Release|Win32
		{D0BFDE1F-C4E4-4178-A331-5C87D2313680}.Debug|x64.ActiveCfg = Debug|x64
		{D0BFDE1F-C4E4-4178-A331-5C87D2313680}.Debug|x64.Build.0 = Debug|x64
		{D0BFDE1F-C4E4-4178-A331-5C87D2313680}.Debug|x86.ActiveCfg = Debug|Win32
		{D0BFDE1F-C4E4-4178-A331-5C87D2313680}.Debug|x86.Build.0 = Debug|Win32
		{D0BFDE1F-C4E4-4178-A331-5C87D2313680}.Release|x64.ActiveCfg = Release|x64
		{D0BFDE1F-C4E4-4178-A331-5C87D2313680}.Release|x64.Build.0 = Release|x64
		{D0BFDE1F-C4E4-4178-A331-5C87D2313680}.Release|x86.ActiveCfg = Release|Win32
		{D0BFDE1F-C4E4-4178-A331-5C87D2313680}.Release|x86.Build.0 = Release|Win32
		{A6DA20CE-B72E-4BCA-8A41-5CF4C9519867}.Debug|x64.ActiveCfg = Debug|x64
		{A6DA20CE-B72E-4BCA-8A41-5CF4C9519867}.Debug|x64.Build.0 = Debug|x64
		{A6DA20CE-B72E-4BCA-8A41-5CF4C9519867}.Debug|x86.ActiveCfg = Debug|Win32
		{A6DA20CE-B72E-4BCA-8A41-5CF4C9519867}.Debug|x86.Build.0 = Debug|Win32
		{A6DA20CE-B72E-4BCA-8A41-5CF4C9519867}.Release|x64.ActiveCfg = Release|x64
		{A6DA20CE-B72E-4BCA-8A41-5CF4C9519867}.Release|x64.Build.0 = Release|x64
		{A6DA20CE-B72E-4BCA-8A41-5CF4C9519867}.Release|x86.ActiveCfg = Release|Win32
		{A6DA20CE-B72E-4BCA-8A41-5CF4C9519867}.Release|x86.Build.0 = Release|Win32
		{61E911A0-3A56-442F-ABC8-B91337D98134}.Debug|x64.ActiveCfg = Debug|x64
		{61E911A0-3A56-442F-ABC8-B91337D98134}.Debug|x64.Build.0 = Debug|x64
		{61E911A0-3A56-442F-ABC8-B91337D98134}.Debug|x86.ActiveCfg = Debug|Win32
		{61E911A0-3A56-442F-ABC8-B91337D98134}.Debug|x86.Build.0 = Debug|Win32
		{61E911A0-3A56-442F-ABC8-B91337D98134}.Release|x64.ActiveCfg = Release|x64
		{61E911A0-3A56-442F-ABC8-B91337D98134}.Release|x64.Build.0 = Release|x64
		{61E911A0-3A56-442F-ABC8-B91337D98134}.Release|x86.ActiveCfg = Release|Win32
		{61E911A0-3A56-442F-ABC8-B91337D98134}.Release|x86.Build.0 = Release|Win32
		{4A076BF1-8E99-499A-A0B7-1503404F5118}.Debug|x64.ActiveCfg = Debug|x64
		{4A076BF1-8E99-499A-A0B7-1503404F5118}.Debug|x64.Build.0 = Debug|x64
		{4A076BF1-8E99-499A-A0B7-1503404F5118}.Debug|x86.ActiveCfg = Debug|Win32
		{4A076BF1-8E99-499A-A0B7-1503404F5118}.Debug|x86.Build.0 = Debug|Win32
		{4A076BF1-8E99-499A-A0B7-1503404F5118}.Release|x64.ActiveCfg = Release|x64
		{4A076BF1-8E99-499A-A0B7-1503404F5118}.Release|x64.Build.0 = Release|x64
		{4A076BF1-8E99-499A-A0B7-1503404F5118}.Release|x86.ActiveCfg = Release|Win32
		{4A076BF1-8E99-499A-A0B7-1503404F5118}.Release|x86.Build.0 = Release|Win32
		{5AF2F5DE-1985-4F47-B83B-4F388D257048}.Debug|x64.ActiveCfg = Debug|x64
		{5AF2F5DE-1985-4F47-B83B-4F388D257048}.Debug|x64.Build.0 = Debug|x64
		{5AF2F5DE-1985-4F47-B83B-4F388D257048}.Debug|x86.ActiveCfg = Debug|Win32
		{5AF2F5DE-1985-4F47-B83B-4F388D257048}.Debug|x86.Build.0 = Debug|Win32
		{5AF2F5DE-1985-4F47-B83B-4F388D257048}.Release|x64.ActiveCfg = Release|x64
		{5AF2F5DE-1985-4F47-B83B-4F388D257048}.Release|x64.Build.0 = Release|x64
		{5AF2F5DE-1985-4F47-B83B-4F388D257048}.Release|x86.ActiveCfg = Release|Win32
		{5AF2F5DE-1985-4F47-B83B-4F388D257048}.Release|x86.Build.0 = Release|Win32
		{BDBEDB97-37C4-4D19-916D-D32106DC267C}.Debug|x64.ActiveCfg = Debug|x64
		{BDBEDB97-37C4-4D19-916D-D32106DC267C}.Debug|x64.Build.0 = Debug|x64
		{BDBEDB97-37C4-4D19-916D-D32106DC267C}.Debug|x86.ActiveCfg = Debug|Win32
		{BDBEDB97-37C4-4D19-916D-D32106DC267C}.Debug|x86.Build.0 = Debug|Win32
		{BDBEDB97-37C4-4D19-916D-D32106DC267C}.Release|x64.ActiveCfg = Release|x64
		{BDBEDB97-37C4-4D19-916D-D32106DC267C}.Release|x64.Build.0 = Release|x64
		{BDBEDB97-37C4-4D19-916D-D32106DC267C}.Release|x86.ActiveCfg = Release|Win32
		{BDBEDB97-37C4-4D19-916D-D32106DC267C}.Release|x86.Build.0 = Release|Win32
		{B17BED3E-8CA5-46A6-ACD6-B71230FB54DD}.Debug|x64.ActiveCfg = Debug|x64
		{B17BED3E-8CA5-46A6-ACD6-B71230FB54DD}.Debug|x64.Build.0 = Debug|x64
		{B17BED3E-8CA5-46A6-ACD6-B71230FB54DD}.Debug|x86.ActiveCfg = Debug|Win32
		{B17BED3E-8CA5-46A6-ACD6-B71230FB54DD}.Debug|x86.Build.0 = Debug|Win32
		{B17BED3E-8CA5-46A6-ACD6-B71230FB54DD}.Release|x64.ActiveCfg = Release|x64
		{B17BED3E-8CA5-46A6-ACD6-B71230FB54DD}.Release|x64.Build.0 = Release|x64
		{B17BED3E-8CA5-46A6-ACD6-B71230FB54DD}.Release|x86.ActiveCfg = Release|Win32
		{B17BED3E-8CA5-46A6-ACD6-B71230FB54DD}.Release|x86.Build.0 = Release|Win32
		{D01A512E-BAD4-4C9C-8533-C25B9A7527C6}.Debug|x64.ActiveCfg = Debug|x64
		{D01A512E-BAD4-4C9C-8533-C25B9A7527C6}.Debug|x64.Build.0 = Debug|x64
		{D01A512E-BAD4-4C9C-8533-C25B9A7527C6}.Debug|x86.ActiveCfg = Debug|Win32
		{D01A512E-BAD4-4C9C-8533-C25B9A7527C6}.Debug|x86.Build.0 = Debug|Win32
		{D01A512E-BAD4-4C9C-8533-C25B9A7527C6}.Release|x64.ActiveCfg = Release|x64
		{D01A512E-BAD4-4C9C-8533-C25B9A7527C6}.Release|x64.Build.0 = Release|x64
		{D01A512E-BAD4-4C9C-8533-C25B9A7527C6}.Release|x86.ActiveCfg = Release|Win32
		{D01A512E-BAD4-4C9C-8533-C25B9A7527C6}.Release|x86.Build.0 = Release|Win32
	EndGlobalSection
	GlobalSection(SolutionProperties) = preSolution
		HideSolutionNode = FALSE
	EndGlobalSection
	GlobalSection(NestedProjects) = preSolution
		{10816769-F2A0-4C27-85F1-B0E93C266FF6} = {626F43CC-1A5A-4D1E-8A15-78070647D283}
		{A34EC4F1-6DDE-40E4-92AD-2FF5E0A3145B} = {626F43CC-1A5A-4D1E-8A15-78070647D283}
		{CD516357-2E6E-48E5-9C05-40F70EB4E513} = {B98269C6-FDB3-4D38-8321-90AA28D76A99}
		{E55CF69B-99BB-4FB1-8F82-6338FF45D17F} = {5B72BFDD-883E-4DA3-B22A-78F912ACBC10}
		{F5A05004-0852-445F-9355-3157AFF01296} = {5B72BFDD-883E-4DA3-B22A-78F912ACBC10}
		{4A52F8AE-AD92-4F40-BC21-3F81FAEB95E4} = {5B72BFDD-883E-4DA3-B22A-78F912ACBC10}
		{E028CBCF-9A3D-4F78-AB93-D0797ECF2057} = {33BA33BC-6ECC-4F02-8888-7C2AAD5275BB}
		{B00D51C8-A0D2-41EE-A47D-46E6A61DB8C4} = {33BA33BC-6ECC-4F02-8888-7C2AAD5275BB}
		{15B24FBE-DAF2-48C2-B9D6-495648C1B04F} = {33BA33BC-6ECC-4F02-8888-7C2AAD5275BB}
		{0038AE4D-9252-40FD-83B0-EB691AC800AC} = {33BA33BC-6ECC-4F02-8888-7C2AAD5275BB}
		{87CC6649-6E07-4C05-B63F-DCE82008BB5C} = {33BA33BC-6ECC-4F02-8888-7C2AAD5275BB}
		{1F3D71D9-94DF-4892-8036-546023FFB41B} = {33BA33BC-6ECC-4F02-8888-7C2AAD5275BB}
		{FAC79D20-EAD5-4E37-87EE-E217A0EB4E63} = {33BA33BC-6ECC-4F02-8888-7C2AAD5275BB}
		{AEF63456-CAFD-4EAA-88FE-17C9CE26E5FD} = {33BA33BC-6ECC-4F02-8888-7C2AAD5275BB}
		{1DE3742B-BE7E-450B-B1C0-86D305846DF4} = {33BA33BC-6ECC-4F02-8888-7C2AAD5275BB}
		{897A82A2-4E09-4B2E-9500-525A0C32878F} = {33BA33BC-6ECC-4F02-8888-7C2AAD5275BB}
		{2A9F033A-45CB-4C48-883E-8AB17C7BF410} = {33BA33BC-6ECC-4F02-8888-7C2AAD5275BB}
		{51102D25-EED5-44A9-993F-26C7D953357C} = {C82D4C75-E6D3-4DA9-9D49-AF2F06B34955}
		{85124E3F-54B8-4A2D-BDA9-8AF7753743F3} = {C82D4C75-E6D3-4DA9-9D49-AF2F06B34955}
		{BFAC9AF3-66F4-4DDB-884C-3206BAA05AB3} = {C82D4C75-E6D3-4DA9-9D49-AF2F06B34955}
		{3AE81445-BF27-4BE1-A71B-C08541D73696} = {C82D4C75-E6D3-4DA9-9D49-AF2F06B34955}
		{0AEC3E6F-9160-4121-980E-B98B90983CD8} = {C82D4C75-E6D3-4DA9-9D49-AF2F06B34955}
		{153C8AEE-70DA-4B72-A1E3-1E51F7A50061} = {C82D4C75-E6D3-4DA9-9D49-AF2F06B34955}
		{08AF622E-ACD3-44FE-9269-49EC2E1A0BE5} = {C82D4C75-E6D3-4DA9-9D49-AF2F06B34955}
		{9B6A7386-D66C-4C8A-86F3-6337494905C0} = {C82D4C75-E6D3-4DA9-9D49-AF2F06B34955}
		{9B339642-E910-4146-9BC0-3289170ABFF4} = {C82D4C75-E6D3-4DA9-9D49-AF2F06B34955}
		{5A7E7982-16D3-4D30-8C7E-0B5DB2A37855} = {D54D6A53-1CF0-42E0-A014-A67E01CFEDE3}
		{5DE92AA0-1989-427F-A33D-158F44760535} = {D54D6A53-1CF0-42E0-A014-A67E01CFEDE3}
		{D0BFDE1F-C4E4-4178-A331-5C87D2313680} = {D54D6A53-1CF0-42E0-A014-A67E01CFEDE3}
		{A6DA20CE-B72E-4BCA-8A41-5CF4C9519867} = {D54D6A53-1CF0-42E0-A014-A67E01CFEDE3}
		{61E911A0-3A56-442F-ABC8-B91337D98134} = {D54D6A53-1CF0-42E0-A014-A67E01CFEDE3}
		{4A076BF1-8E99-499A-A0B7-1503404F5118} = {D54D6A53-1CF0-42E0-A014-A67E01CFEDE3}
		{5AF2F5DE-1985-4F47-B83B-4F388D257048} = {D54D6A53-1CF0-42E0-A014-A67E01CFEDE3}
		{BDBEDB97-37C4-4D19-916D-D32106DC267C} = {D54D6A53-1CF0-42E0-A014-A67E01CFEDE3}
		{B17BED3E-8CA5-46A6-ACD6-B71230FB54DD} = {D54D6A53-1CF0-42E0-A014-A67E01CFEDE3}
		{D01A512E-BAD4-4C9C-8533-C25B9A7527C6} = {F5919E8D-3138-4EFA-9E2F-569C2BBA777B}
	EndGlobalSection
	GlobalSection(ExtensibilityGlobals) = postSolution
		SolutionGuid = {2AD4F467-8D61-465F-A557-E3BF8CAF0E14}
	EndGlobalSection
EndGlobal
